
Microsoft Visual Studio Solution File, Format Version 12.00
# Visual Studio 15
Project("{2150E333-8FDC-42A3-9474-1A3956D46DE8}") = "src", "src", "{124F086D-6D73-4AE8-B275-0795891CA6F0}"
EndProject
Project("{2150E333-8FDC-42A3-9474-1A3956D46DE8}") = "test", "test", "{B068462A-CBD3-4A8F-84C5-196459325B4D}"
EndProject
Project("{FAE04EC0-301F-11D3-BF4B-00C04F79EFBC}") = "FSystem.Common", "src\FSystem.Common\FSystem.Common.csproj", "{AA8C231B-D46F-4E14-BB11-5CA8B7F5050C}"
EndProject
Project("{FAE04EC0-301F-11D3-BF4B-00C04F79EFBC}") = "FSystem.Common.Interfaces", "src\FSystem.Common.Interfaces\FSystem.Common.Interfaces.csproj", "{2FC8CB40-87FC-4F81-90BA-8A32A4F6572C}"
EndProject
Project("{FAE04EC0-301F-11D3-BF4B-00C04F79EFBC}") = "FSystem.Common.Tests", "test\FSystem.Common.Tests\FSystem.Common.Tests.csproj", "{7F43B44A-9800-478C-B7EF-D99DCBC06081}"
EndProject
Project("{FAE04EC0-301F-11D3-BF4B-00C04F79EFBC}") = "FSystem.Api", "src\FSystem.Api\FSystem.Api.csproj", "{5502FE9F-A1DD-4CF9-AD1E-69CC45B057B8}"
EndProject
Project("{FAE04EC0-301F-11D3-BF4B-00C04F79EFBC}") = "FSystem.Tests.Shared", "test\FSystem.Common.Tests\FSystem.Tests.Shared\FSystem.Tests.Shared.csproj", "{97F6AA8F-6DC7-4984-864B-F372653481E6}"
EndProject
Global
	GlobalSection(SolutionConfigurationPlatforms) = preSolution
		Debug|Any CPU = Debug|Any CPU
		Release|Any CPU = Release|Any CPU
	EndGlobalSection
	GlobalSection(ProjectConfigurationPlatforms) = postSolution
		{AA8C231B-D46F-4E14-BB11-5CA8B7F5050C}.Debug|Any CPU.ActiveCfg = Debug|Any CPU
		{AA8C231B-D46F-4E14-BB11-5CA8B7F5050C}.Debug|Any CPU.Build.0 = Debug|Any CPU
		{AA8C231B-D46F-4E14-BB11-5CA8B7F5050C}.Release|Any CPU.ActiveCfg = Release|Any CPU
		{AA8C231B-D46F-4E14-BB11-5CA8B7F5050C}.Release|Any CPU.Build.0 = Release|Any CPU
		{2FC8CB40-87FC-4F81-90BA-8A32A4F6572C}.Debug|Any CPU.ActiveCfg = Debug|Any CPU
		{2FC8CB40-87FC-4F81-90BA-8A32A4F6572C}.Debug|Any CPU.Build.0 = Debug|Any CPU
		{2FC8CB40-87FC-4F81-90BA-8A32A4F6572C}.Release|Any CPU.ActiveCfg = Release|Any CPU
		{2FC8CB40-87FC-4F81-90BA-8A32A4F6572C}.Release|Any CPU.Build.0 = Release|Any CPU
		{7F43B44A-9800-478C-B7EF-D99DCBC06081}.Debug|Any CPU.ActiveCfg = Debug|Any CPU
		{7F43B44A-9800-478C-B7EF-D99DCBC06081}.Debug|Any CPU.Build.0 = Debug|Any CPU
		{7F43B44A-9800-478C-B7EF-D99DCBC06081}.Release|Any CPU.ActiveCfg = Release|Any CPU
		{7F43B44A-9800-478C-B7EF-D99DCBC06081}.Release|Any CPU.Build.0 = Release|Any CPU
		{5502FE9F-A1DD-4CF9-AD1E-69CC45B057B8}.Debug|Any CPU.ActiveCfg = Debug|Any CPU
		{5502FE9F-A1DD-4CF9-AD1E-69CC45B057B8}.Debug|Any CPU.Build.0 = Debug|Any CPU
		{5502FE9F-A1DD-4CF9-AD1E-69CC45B057B8}.Release|Any CPU.ActiveCfg = Release|Any CPU
		{5502FE9F-A1DD-4CF9-AD1E-69CC45B057B8}.Release|Any CPU.Build.0 = Release|Any CPU
		{97F6AA8F-6DC7-4984-864B-F372653481E6}.Debug|Any CPU.ActiveCfg = Debug|Any CPU
		{97F6AA8F-6DC7-4984-864B-F372653481E6}.Debug|Any CPU.Build.0 = Debug|Any CPU
		{97F6AA8F-6DC7-4984-864B-F372653481E6}.Release|Any CPU.ActiveCfg = Release|Any CPU
		{97F6AA8F-6DC7-4984-864B-F372653481E6}.Release|Any CPU.Build.0 = Release|Any CPU
	EndGlobalSection
	GlobalSection(NestedProjects) = preSolution
		{AA8C231B-D46F-4E14-BB11-5CA8B7F5050C} = {124F086D-6D73-4AE8-B275-0795891CA6F0}
		{2FC8CB40-87FC-4F81-90BA-8A32A4F6572C} = {124F086D-6D73-4AE8-B275-0795891CA6F0}
		{7F43B44A-9800-478C-B7EF-D99DCBC06081} = {B068462A-CBD3-4A8F-84C5-196459325B4D}
		{5502FE9F-A1DD-4CF9-AD1E-69CC45B057B8} = {124F086D-6D73-4AE8-B275-0795891CA6F0}
		{97F6AA8F-6DC7-4984-864B-F372653481E6} = {B068462A-CBD3-4A8F-84C5-196459325B4D}
	EndGlobalSection
EndGlobal
